
Microsoft Visual Studio Solution File, Format Version 12.00
# Visual Studio 15
VisualStudioVersion = 15.0.27703.2035
MinimumVisualStudioVersion = 10.0.40219.1
Project("{FAE04EC0-301F-11D3-BF4B-00C04F79EFBC}") = "Lands.Android", "Lands\Lands.Android\Lands.Android.csproj", "{E065C52C-6AF7-4B2C-899B-2B9F7709CB19}"
EndProject
Project("{FAE04EC0-301F-11D3-BF4B-00C04F79EFBC}") = "Lands.iOS", "Lands\Lands.iOS\Lands.iOS.csproj", "{7868FC3A-3B76-4997-8184-624870EF2CAF}"
EndProject
Project("{FAE04EC0-301F-11D3-BF4B-00C04F79EFBC}") = "Lands", "Lands\Lands\Lands.csproj", "{75950F25-9021-4306-AEC9-661965CE7E9F}"
EndProject
Global
	GlobalSection(SolutionConfigurationPlatforms) = preSolution
		Ad-Hoc|Any CPU = Ad-Hoc|Any CPU
		Ad-Hoc|iPhone = Ad-Hoc|iPhone
		Ad-Hoc|iPhoneSimulator = Ad-Hoc|iPhoneSimulator
		AppStore|Any CPU = AppStore|Any CPU
		AppStore|iPhone = AppStore|iPhone
		AppStore|iPhoneSimulator = AppStore|iPhoneSimulator
		Debug|Any CPU = Debug|Any CPU
		Debug|iPhone = Debug|iPhone
		Debug|iPhoneSimulator = Debug|iPhoneSimulator
		Release|Any CPU = Release|Any CPU
		Release|iPhone = Release|iPhone
		Release|iPhoneSimulator = Release|iPhoneSimulator
	EndGlobalSection
	GlobalSection(ProjectConfigurationPlatforms) = postSolution
		{E065C52C-6AF7-4B2C-899B-2B9F7709CB19}.Ad-Hoc|Any CPU.ActiveCfg = Release|Any CPU
		{E065C52C-6AF7-4B2C-899B-2B9F7709CB19}.Ad-Hoc|Any CPU.Build.0 = Release|Any CPU
		{E065C52C-6AF7-4B2C-899B-2B9F7709CB19}.Ad-Hoc|Any CPU.Deploy.0 = Release|Any CPU
		{E065C52C-6AF7-4B2C-899B-2B9F7709CB19}.Ad-Hoc|iPhone.ActiveCfg = Release|Any CPU
		{E065C52C-6AF7-4B2C-899B-2B9F7709CB19}.Ad-Hoc|iPhone.Build.0 = Release|Any CPU
		{E065C52C-6AF7-4B2C-899B-2B9F7709CB19}.Ad-Hoc|iPhone.Deploy.0 = Release|Any CPU
		{E065C52C-6AF7-4B2C-899B-2B9F7709CB19}.Ad-Hoc|iPhoneSimulator.ActiveCfg = Release|Any CPU
		{E065C52C-6AF7-4B2C-899B-2B9F7709CB19}.Ad-Hoc|iPhoneSimulator.Build.0 = Release|Any CPU
		{E065C52C-6AF7-4B2C-899B-2B9F7709CB19}.Ad-Hoc|iPhoneSimulator.Deploy.0 = Release|Any CPU
		{E065C52C-6AF7-4B2C-899B-2B9F7709CB19}.AppStore|Any CPU.ActiveCfg = Release|Any CPU
		{E065C52C-6AF7-4B2C-899B-2B9F7709CB19}.AppStore|Any CPU.Build.0 = Release|Any CPU
		{E065C52C-6AF7-4B2C-899B-2B9F7709CB19}.AppStore|Any CPU.Deploy.0 = Release|Any CPU
		{E065C52C-6AF7-4B2C-899B-2B9F7709CB19}.AppStore|iPhone.ActiveCfg = Release|Any CPU
		{E065C52C-6AF7-4B2C-899B-2B9F7709CB19}.AppStore|iPhone.Build.0 = Release|Any CPU
		{E065C52C-6AF7-4B2C-899B-2B9F7709CB19}.AppStore|iPhone.Deploy.0 = Release|Any CPU
		{E065C52C-6AF7-4B2C-899B-2B9F7709CB19}.AppStore|iPhoneSimulator.ActiveCfg = Release|Any CPU
		{E065C52C-6AF7-4B2C-899B-2B9F7709CB19}.AppStore|iPhoneSimulator.Build.0 = Release|Any CPU
		{E065C52C-6AF7-4B2C-899B-2B9F7709CB19}.AppStore|iPhoneSimulator.Deploy.0 = Release|Any CPU
		{E065C52C-6AF7-4B2C-899B-2B9F7709CB19}.Debug|Any CPU.ActiveCfg = Debug|Any CPU
		{E065C52C-6AF7-4B2C-899B-2B9F7709CB19}.Debug|Any CPU.Build.0 = Debug|Any CPU
		{E065C52C-6AF7-4B2C-899B-2B9F7709CB19}.Debug|Any CPU.Deploy.0 = Debug|Any CPU
		{E065C52C-6AF7-4B2C-899B-2B9F7709CB19}.Debug|iPhone.ActiveCfg = Debug|Any CPU
		{E065C52C-6AF7-4B2C-899B-2B9F7709CB19}.Debug|iPhone.Build.0 = Debug|Any CPU
		{E065C52C-6AF7-4B2C-899B-2B9F7709CB19}.Debug|iPhone.Deploy.0 = Debug|Any CPU
		{E065C52C-6AF7-4B2C-899B-2B9F7709CB19}.Debug|iPhoneSimulator.ActiveCfg = Debug|Any CPU
		{E065C52C-6AF7-4B2C-899B-2B9F7709CB19}.Debug|iPhoneSimulator.Build.0 = Debug|Any CPU
		{E065C52C-6AF7-4B2C-899B-2B9F7709CB19}.Debug|iPhoneSimulator.Deploy.0 = Debug|Any CPU
		{E065C52C-6AF7-4B2C-899B-2B9F7709CB19}.Release|Any CPU.ActiveCfg = Release|Any CPU
		{E065C52C-6AF7-4B2C-899B-2B9F7709CB19}.Release|Any CPU.Build.0 = Release|Any CPU
		{E065C52C-6AF7-4B2C-899B-2B9F7709CB19}.Release|Any CPU.Deploy.0 = Release|Any CPU
		{E065C52C-6AF7-4B2C-899B-2B9F7709CB19}.Release|iPhone.ActiveCfg = Release|Any CPU
		{E065C52C-6AF7-4B2C-899B-2B9F7709CB19}.Release|iPhone.Build.0 = Release|Any CPU
		{E065C52C-6AF7-4B2C-899B-2B9F7709CB19}.Release|iPhone.Deploy.0 = Release|Any CPU
		{E065C52C-6AF7-4B2C-899B-2B9F7709CB19}.Release|iPhoneSimulator.ActiveCfg = Release|Any CPU
		{E065C52C-6AF7-4B2C-899B-2B9F7709CB19}.Release|iPhoneSimulator.Build.0 = Release|Any CPU
		{E065C52C-6AF7-4B2C-899B-2B9F7709CB19}.Release|iPhoneSimulator.Deploy.0 = Release|Any CPU
		{7868FC3A-3B76-4997-8184-624870EF2CAF}.Ad-Hoc|Any CPU.ActiveCfg = Ad-Hoc|iPhone
		{7868FC3A-3B76-4997-8184-624870EF2CAF}.Ad-Hoc|Any CPU.Build.0 = Ad-Hoc|iPhone
		{7868FC3A-3B76-4997-8184-624870EF2CAF}.Ad-Hoc|Any CPU.Deploy.0 = Ad-Hoc|iPhone
		{7868FC3A-3B76-4997-8184-624870EF2CAF}.Ad-Hoc|iPhone.ActiveCfg = Ad-Hoc|iPhone
		{7868FC3A-3B76-4997-8184-624870EF2CAF}.Ad-Hoc|iPhone.Build.0 = Ad-Hoc|iPhone
		{7868FC3A-3B76-4997-8184-624870EF2CAF}.Ad-Hoc|iPhone.Deploy.0 = Ad-Hoc|iPhone
		{7868FC3A-3B76-4997-8184-624870EF2CAF}.Ad-Hoc|iPhoneSimulator.ActiveCfg = Ad-Hoc|iPhoneSimulator
		{7868FC3A-3B76-4997-8184-624870EF2CAF}.Ad-Hoc|iPhoneSimulator.Build.0 = Ad-Hoc|iPhoneSimulator
		{7868FC3A-3B76-4997-8184-624870EF2CAF}.Ad-Hoc|iPhoneSimulator.Deploy.0 = Ad-Hoc|iPhoneSimulator
		{7868FC3A-3B76-4997-8184-624870EF2CAF}.AppStore|Any CPU.ActiveCfg = AppStore|iPhone
		{7868FC3A-3B76-4997-8184-624870EF2CAF}.AppStore|Any CPU.Build.0 = AppStore|iPhone
		{7868FC3A-3B76-4997-8184-624870EF2CAF}.AppStore|Any CPU.Deploy.0 = AppStore|iPhone
		{7868FC3A-3B76-4997-8184-624870EF2CAF}.AppStore|iPhone.ActiveCfg = AppStore|iPhone
		{7868FC3A-3B76-4997-8184-624870EF2CAF}.AppStore|iPhone.Build.0 = AppStore|iPhone
		{7868FC3A-3B76-4997-8184-624870EF2CAF}.AppStore|iPhone.Deploy.0 = AppStore|iPhone
		{7868FC3A-3B76-4997-8184-624870EF2CAF}.AppStore|iPhoneSimulator.ActiveCfg = AppStore|iPhoneSimulator
		{7868FC3A-3B76-4997-8184-624870EF2CAF}.AppStore|iPhoneSimulator.Build.0 = AppStore|iPhoneSimulator
		{7868FC3A-3B76-4997-8184-624870EF2CAF}.AppStore|iPhoneSimulator.Deploy.0 = AppStore|iPhoneSimulator
		{7868FC3A-3B76-4997-8184-624870EF2CAF}.Debug|Any CPU.ActiveCfg = Debug|iPhoneSimulator
		{7868FC3A-3B76-4997-8184-624870EF2CAF}.Debug|Any CPU.Build.0 = Debug|iPhoneSimulator
		{7868FC3A-3B76-4997-8184-624870EF2CAF}.Debug|Any CPU.Deploy.0 = Debug|iPhoneSimulator
		{7868FC3A-3B76-4997-8184-624870EF2CAF}.Debug|iPhone.ActiveCfg = Debug|iPhone
		{7868FC3A-3B76-4997-8184-624870EF2CAF}.Debug|iPhone.Build.0 = Debug|iPhone
		{7868FC3A-3B76-4997-8184-624870EF2CAF}.Debug|iPhone.Deploy.0 = Debug|iPhone
		{7868FC3A-3B76-4997-8184-624870EF2CAF}.Debug|iPhoneSimulator.ActiveCfg = Debug|iPhoneSimulator
		{7868FC3A-3B76-4997-8184-624870EF2CAF}.Debug|iPhoneSimulator.Build.0 = Debug|iPhoneSimulator
		{7868FC3A-3B76-4997-8184-624870EF2CAF}.Debug|iPhoneSimulator.Deploy.0 = Debug|iPhoneSimulator
		{7868FC3A-3B76-4997-8184-624870EF2CAF}.Release|Any CPU.ActiveCfg = Release|iPhone
		{7868FC3A-3B76-4997-8184-624870EF2CAF}.Release|Any CPU.Build.0 = Release|iPhone
		{7868FC3A-3B76-4997-8184-624870EF2CAF}.Release|Any CPU.Deploy.0 = Release|iPhone
		{7868FC3A-3B76-4997-8184-624870EF2CAF}.Release|iPhone.ActiveCfg = Release|iPhone
		{7868FC3A-3B76-4997-8184-624870EF2CAF}.Release|iPhone.Build.0 = Release|iPhone
		{7868FC3A-3B76-4997-8184-624870EF2CAF}.Release|iPhone.Deploy.0 = Release|iPhone
		{7868FC3A-3B76-4997-8184-624870EF2CAF}.Release|iPhoneSimulator.ActiveCfg = Release|iPhoneSimulator
		{7868FC3A-3B76-4997-8184-624870EF2CAF}.Release|iPhoneSimulator.Build.0 = Release|iPhoneSimulator
		{7868FC3A-3B76-4997-8184-624870EF2CAF}.Release|iPhoneSimulator.Deploy.0 = Release|iPhoneSimulator
		{75950F25-9021-4306-AEC9-661965CE7E9F}.Ad-Hoc|Any CPU.ActiveCfg = Debug|Any CPU
		{75950F25-9021-4306-AEC9-661965CE7E9F}.Ad-Hoc|Any CPU.Build.0 = Debug|Any CPU
		{75950F25-9021-4306-AEC9-661965CE7E9F}.Ad-Hoc|Any CPU.Deploy.0 = Debug|Any CPU
		{75950F25-9021-4306-AEC9-661965CE7E9F}.Ad-Hoc|iPhone.ActiveCfg = Debug|Any CPU
		{75950F25-9021-4306-AEC9-661965CE7E9F}.Ad-Hoc|iPhone.Build.0 = Debug|Any CPU
		{75950F25-9021-4306-AEC9-661965CE7E9F}.Ad-Hoc|iPhone.Deploy.0 = Debug|Any CPU
		{75950F25-9021-4306-AEC9-661965CE7E9F}.Ad-Hoc|iPhoneSimulator.ActiveCfg = Debug|Any CPU
		{75950F25-9021-4306-AEC9-661965CE7E9F}.Ad-Hoc|iPhoneSimulator.Build.0 = Debug|Any CPU
		{75950F25-9021-4306-AEC9-661965CE7E9F}.Ad-Hoc|iPhoneSimulator.Deploy.0 = Debug|Any CPU
		{75950F25-9021-4306-AEC9-661965CE7E9F}.AppStore|Any CPU.ActiveCfg = Debug|Any CPU
		{75950F25-9021-4306-AEC9-661965CE7E9F}.AppStore|Any CPU.Build.0 = Debug|Any CPU
		{75950F25-9021-4306-AEC9-661965CE7E9F}.AppStore|Any CPU.Deploy.0 = Debug|Any CPU
		{75950F25-9021-4306-AEC9-661965CE7E9F}.AppStore|iPhone.ActiveCfg = Debug|Any CPU
		{75950F25-9021-4306-AEC9-661965CE7E9F}.AppStore|iPhone.Build.0 = Debug|Any CPU
		{75950F25-9021-4306-AEC9-661965CE7E9F}.AppStore|iPhone.Deploy.0 = Debug|Any CPU
		{75950F25-9021-4306-AEC9-661965CE7E9F}.AppStore|iPhoneSimulator.ActiveCfg = Debug|Any CPU
		{75950F25-9021-4306-AEC9-661965CE7E9F}.AppStore|iPhoneSimulator.Build.0 = Debug|Any CPU
		{75950F25-9021-4306-AEC9-661965CE7E9F}.AppStore|iPhoneSimulator.Deploy.0 = Debug|Any CPU
		{75950F25-9021-4306-AEC9-661965CE7E9F}.Debug|Any CPU.ActiveCfg = Debug|Any CPU
		{75950F25-9021-4306-AEC9-661965CE7E9F}.Debug|Any CPU.Build.0 = Debug|Any CPU
		{75950F25-9021-4306-AEC9-661965CE7E9F}.Debug|Any CPU.Deploy.0 = Debug|Any CPU
		{75950F25-9021-4306-AEC9-661965CE7E9F}.Debug|iPhone.ActiveCfg = Debug|Any CPU
		{75950F25-9021-4306-AEC9-661965CE7E9F}.Debug|iPhone.Build.0 = Debug|Any CPU
		{75950F25-9021-4306-AEC9-661965CE7E9F}.Debug|iPhone.Deploy.0 = Debug|Any CPU
		{75950F25-9021-4306-AEC9-661965CE7E9F}.Debug|iPhoneSimulator.ActiveCfg = Debug|Any CPU
		{75950F25-9021-4306-AEC9-661965CE7E9F}.Debug|iPhoneSimulator.Build.0 = Debug|Any CPU
		{75950F25-9021-4306-AEC9-661965CE7E9F}.Debug|iPhoneSimulator.Deploy.0 = Debug|Any CPU
		{75950F25-9021-4306-AEC9-661965CE7E9F}.Release|Any CPU.ActiveCfg = Release|Any CPU
		{75950F25-9021-4306-AEC9-661965CE7E9F}.Release|Any CPU.Build.0 = Release|Any CPU
		{75950F25-9021-4306-AEC9-661965CE7E9F}.Release|Any CPU.Deploy.0 = Release|Any CPU
		{75950F25-9021-4306-AEC9-661965CE7E9F}.Release|iPhone.ActiveCfg = Release|Any CPU
		{75950F25-9021-4306-AEC9-661965CE7E9F}.Release|iPhone.Build.0 = Release|Any CPU
		{75950F25-9021-4306-AEC9-661965CE7E9F}.Release|iPhone.Deploy.0 = Release|Any CPU
		{75950F25-9021-4306-AEC9-661965CE7E9F}.Release|iPhoneSimulator.ActiveCfg = Release|Any CPU
		{75950F25-9021-4306-AEC9-661965CE7E9F}.Release|iPhoneSimulator.Build.0 = Release|Any CPU
		{75950F25-9021-4306-AEC9-661965CE7E9F}.Release|iPhoneSimulator.Deploy.0 = Release|Any CPU
	EndGlobalSection
	GlobalSection(SolutionProperties) = preSolution
		HideSolutionNode = FALSE
	EndGlobalSection
	GlobalSection(ExtensibilityGlobals) = postSolution
		SolutionGuid = {95290C16-D170-4E2A-A9EF-6423A036BA0D}
	EndGlobalSection
EndGlobal
